
Microsoft Visual Studio Solution File, Format Version 12.00
# Visual Studio Version 16
VisualStudioVersion = 16.0.29519.87
MinimumVisualStudioVersion = 10.0.40219.1
Project("{9A19103F-16F7-4668-BE54-9A1E7A4F7556}") = "GameCRUDApp", "GameCRUDApp.csproj", "{3FB26159-7182-488A-B258-B5FE1C4BF1B9}"
EndProject
Global
	GlobalSection(SolutionConfigurationPlatforms) = preSolution
		Debug|Any CPU = Debug|Any CPU
		Release|Any CPU = Release|Any CPU
	EndGlobalSection
	GlobalSection(ProjectConfigurationPlatforms) = postSolution
		{3FB26159-7182-488A-B258-B5FE1C4BF1B9}.Debug|Any CPU.ActiveCfg = Debug|Any CPU
		{3FB26159-7182-488A-B258-B5FE1C4BF1B9}.Debug|Any CPU.Build.0 = Debug|Any CPU
		{3FB26159-7182-488A-B258-B5FE1C4BF1B9}.Release|Any CPU.ActiveCfg = Release|Any CPU
		{3FB26159-7182-488A-B258-B5FE1C4BF1B9}.Release|Any CPU.Build.0 = Release|Any CPU
	EndGlobalSection
	GlobalSection(SolutionProperties) = preSolution
		HideSolutionNode = FALSE
	EndGlobalSection
	GlobalSection(ExtensibilityGlobals) = postSolution
		SolutionGuid = {AA730C95-A0B8-4E8E-BF24-725E84762DF5}
	EndGlobalSection
EndGlobal
